
Microsoft Visual Studio Solution File, Format Version 12.00
# Visual Studio Version 16
VisualStudioVersion = 16.0.30621.155
MinimumVisualStudioVersion = 10.0.40219.1
Project("{FAE04EC0-301F-11D3-BF4B-00C04F79EFBC}") = "AC Audiobank Dumper", "AC Audiobank Dumper\AC Audiobank Dumper.csproj", "{DDC98A22-EB29-44C0-94FA-F7B7FE60F525}"
EndProject
Global
	GlobalSection(SolutionConfigurationPlatforms) = preSolution
		Debug|Any CPU = Debug|Any CPU
		Release|Any CPU = Release|Any CPU
	EndGlobalSection
	GlobalSection(ProjectConfigurationPlatforms) = postSolution
		{DDC98A22-EB29-44C0-94FA-F7B7FE60F525}.Debug|Any CPU.ActiveCfg = Debug|Any CPU
		{DDC98A22-EB29-44C0-94FA-F7B7FE60F525}.Debug|Any CPU.Build.0 = Debug|Any CPU
		{DDC98A22-EB29-44C0-94FA-F7B7FE60F525}.Release|Any CPU.ActiveCfg = Release|Any CPU
		{DDC98A22-EB29-44C0-94FA-F7B7FE60F525}.Release|Any CPU.Build.0 = Release|Any CPU
	EndGlobalSection
	GlobalSection(SolutionProperties) = preSolution
		HideSolutionNode = FALSE
	EndGlobalSection
	GlobalSection(ExtensibilityGlobals) = postSolution
		SolutionGuid = {E20F1EB4-40D4-4F4D-B09F-C35C7F347097}
	EndGlobalSection
EndGlobal
